{
  "requires": true,
  "lockfileVersion": 1,
  "dependencies": {
    "@types/mithril": {
      "version": "2.0.8",
      "resolved": "https://registry.npmjs.org/@types/mithril/-/mithril-2.0.8.tgz",
      "integrity": "sha512-QzVV70DqUhWfLFpMFDBI9rRxtzeUUpbhiFDpUJYSV92AePgl+Qfficgv2MOb1Ceb+lBOQU8+L+Hjf2UielQjEw==",
      "dev": true
    },
    "mithril": {
      "version": "2.0.4",
      "resolved": "https://registry.npmjs.org/mithril/-/mithril-2.0.4.tgz",
      "integrity": "sha512-mgw+DMZlhMS4PpprF6dl7ZoeZq5GGcAuWnrg5e12MvaGauc4jzWsDZtVGRCktsiQczOEUr2K5teKbE5k44RlOg=="
    },
    "vue": {
      "version": "2.6.14",
      "resolved": "https://registry.npmjs.org/vue/-/vue-2.6.14.tgz",
      "integrity": "sha512-x2284lgYvjOMj3Za7kqzRcUSxBboHqtgRE2zlos1qWaOye5yUmHn42LB1250NJBLRwEcdrB0JRwyPTEPhfQjiQ=="
    }
  }
}
